
Microsoft Visual Studio Solution File, Format Version 12.00
# Visual Studio Version 17
VisualStudioVersion = 17.3.32819.101
MinimumVisualStudioVersion = 10.0.40219.1
Project("{9A19103F-16F7-4668-BE54-9A1E7A4F7556}") = "ApiSMT", "ApiSMT\ApiSMT.csproj", "{737A0D45-1042-4705-8A51-0245C4F5DB1F}"
EndProject
Project("{9A19103F-16F7-4668-BE54-9A1E7A4F7556}") = "ControleEPI", "ControleEPI\ControleEPI.csproj", "{53AB673C-0666-4372-B038-93ADA03736BB}"
EndProject
Project("{FAE04EC0-301F-11D3-BF4B-00C04F79EFBC}") = "Vestimenta", "Vestimenta\Vestimenta.csproj", "{3C3465F5-2D94-4E1F-818F-C73E277B53E8}"
EndProject
Global
	GlobalSection(SolutionConfigurationPlatforms) = preSolution
		Debug|Any CPU = Debug|Any CPU
		Release|Any CPU = Release|Any CPU
	EndGlobalSection
	GlobalSection(ProjectConfigurationPlatforms) = postSolution
		{737A0D45-1042-4705-8A51-0245C4F5DB1F}.Debug|Any CPU.ActiveCfg = Debug|Any CPU
		{737A0D45-1042-4705-8A51-0245C4F5DB1F}.Debug|Any CPU.Build.0 = Debug|Any CPU
		{737A0D45-1042-4705-8A51-0245C4F5DB1F}.Release|Any CPU.ActiveCfg = Release|Any CPU
		{737A0D45-1042-4705-8A51-0245C4F5DB1F}.Release|Any CPU.Build.0 = Release|Any CPU
		{53AB673C-0666-4372-B038-93ADA03736BB}.Debug|Any CPU.ActiveCfg = Debug|Any CPU
		{53AB673C-0666-4372-B038-93ADA03736BB}.Debug|Any CPU.Build.0 = Debug|Any CPU
		{53AB673C-0666-4372-B038-93ADA03736BB}.Release|Any CPU.ActiveCfg = Release|Any CPU
		{53AB673C-0666-4372-B038-93ADA03736BB}.Release|Any CPU.Build.0 = Release|Any CPU
		{3C3465F5-2D94-4E1F-818F-C73E277B53E8}.Debug|Any CPU.ActiveCfg = Debug|Any CPU
		{3C3465F5-2D94-4E1F-818F-C73E277B53E8}.Debug|Any CPU.Build.0 = Debug|Any CPU
		{3C3465F5-2D94-4E1F-818F-C73E277B53E8}.Release|Any CPU.ActiveCfg = Release|Any CPU
		{3C3465F5-2D94-4E1F-818F-C73E277B53E8}.Release|Any CPU.Build.0 = Release|Any CPU
	EndGlobalSection
	GlobalSection(SolutionProperties) = preSolution
		HideSolutionNode = FALSE
	EndGlobalSection
	GlobalSection(ExtensibilityGlobals) = postSolution
		SolutionGuid = {87470BE8-B679-4005-8D5E-2E9112C54686}
	EndGlobalSection
EndGlobal
